
Microsoft Visual Studio Solution File, Format Version 12.00
# Visual Studio Version 17
VisualStudioVersion = 17.9.34607.119
MinimumVisualStudioVersion = 10.0.40219.1
Project("{9A19103F-16F7-4668-BE54-9A1E7A4F7556}") = "SportEquipmentRent", "SportEquipmentRent\SportEquipmentRent.csproj", "{8E8E625C-E9B0-4A15-B3F9-6D305FA53C9F}"
EndProject
Global
	GlobalSection(SolutionConfigurationPlatforms) = preSolution
		Debug|Any CPU = Debug|Any CPU
		Release|Any CPU = Release|Any CPU
	EndGlobalSection
	GlobalSection(ProjectConfigurationPlatforms) = postSolution
		{8E8E625C-E9B0-4A15-B3F9-6D305FA53C9F}.Debug|Any CPU.ActiveCfg = Debug|Any CPU
		{8E8E625C-E9B0-4A15-B3F9-6D305FA53C9F}.Debug|Any CPU.Build.0 = Debug|Any CPU
		{8E8E625C-E9B0-4A15-B3F9-6D305FA53C9F}.Release|Any CPU.ActiveCfg = Release|Any CPU
		{8E8E625C-E9B0-4A15-B3F9-6D305FA53C9F}.Release|Any CPU.Build.0 = Release|Any CPU
	EndGlobalSection
	GlobalSection(SolutionProperties) = preSolution
		HideSolutionNode = FALSE
	EndGlobalSection
	GlobalSection(ExtensibilityGlobals) = postSolution
		SolutionGuid = {F8B9DC90-6003-4347-8981-1581412E5639}
	EndGlobalSection
EndGlobal
